
Microsoft Visual Studio Solution File, Format Version 12.00
# Visual Studio Version 17
VisualStudioVersion = 17.9.34714.143
MinimumVisualStudioVersion = 10.0.40219.1
Project("{FAE04EC0-301F-11D3-BF4B-00C04F79EFBC}") = "ControlVehicle.Api", "ControlVehicle.Api\ControlVehicle.Api.csproj", "{BAE49641-2BEC-4976-9C32-2059901EE682}"
EndProject
Project("{FAE04EC0-301F-11D3-BF4B-00C04F79EFBC}") = "ControlVehicle.Dto", "ControlVehicle.Dto\ControlVehicle.Dto.csproj", "{F29A351A-3872-4377-BABD-AFD2D2EF0C67}"
EndProject
Global
	GlobalSection(SolutionConfigurationPlatforms) = preSolution
		Debug|Any CPU = Debug|Any CPU
		Release|Any CPU = Release|Any CPU
	EndGlobalSection
	GlobalSection(ProjectConfigurationPlatforms) = postSolution
		{BAE49641-2BEC-4976-9C32-2059901EE682}.Debug|Any CPU.ActiveCfg = Debug|Any CPU
		{BAE49641-2BEC-4976-9C32-2059901EE682}.Debug|Any CPU.Build.0 = Debug|Any CPU
		{BAE49641-2BEC-4976-9C32-2059901EE682}.Release|Any CPU.ActiveCfg = Release|Any CPU
		{BAE49641-2BEC-4976-9C32-2059901EE682}.Release|Any CPU.Build.0 = Release|Any CPU
		{F29A351A-3872-4377-BABD-AFD2D2EF0C67}.Debug|Any CPU.ActiveCfg = Debug|Any CPU
		{F29A351A-3872-4377-BABD-AFD2D2EF0C67}.Debug|Any CPU.Build.0 = Debug|Any CPU
		{F29A351A-3872-4377-BABD-AFD2D2EF0C67}.Release|Any CPU.ActiveCfg = Release|Any CPU
		{F29A351A-3872-4377-BABD-AFD2D2EF0C67}.Release|Any CPU.Build.0 = Release|Any CPU
	EndGlobalSection
	GlobalSection(SolutionProperties) = preSolution
		HideSolutionNode = FALSE
	EndGlobalSection
	GlobalSection(ExtensibilityGlobals) = postSolution
		SolutionGuid = {991037ED-D08D-4583-878D-6EFF153C7E5C}
	EndGlobalSection
EndGlobal
